// !$*UTF8*$!
{
	archiveVersion = 1;
	classes = {
	};
	objectVersion = 51;
	objects = {

/* Begin PBXBuildFile section */
		7C0DBB4D23ED6D5900232ED9 /* YMKPoint+.swift in Sources */ = {isa = PBXBuildFile; fileRef = 7C0DBB4C23ED6D5900232ED9 /* YMKPoint+.swift */; };
		7C8976CF23E8BED9001D518E /* GoogleMapsViewController.swift in Sources */ = {isa = PBXBuildFile; fileRef = 7C8976CE23E8BED9001D518E /* GoogleMapsViewController.swift */; };
		7C8976D123E8BF1A001D518E /* YandexMapsViewController.swift in Sources */ = {isa = PBXBuildFile; fileRef = 7C8976D023E8BF1A001D518E /* YandexMapsViewController.swift */; };
		7C8976D523EC2BBE001D518E /* UIColor+.swift in Sources */ = {isa = PBXBuildFile; fileRef = 7C8976D423EC2BBE001D518E /* UIColor+.swift */; };
		7C8976D723EC3FDC001D518E /* CLLocationCoordinate2D+.swift in Sources */ = {isa = PBXBuildFile; fileRef = 7C8976D623EC3FDC001D518E /* CLLocationCoordinate2D+.swift */; };
		7CCF313C23E8A9C40086B3BC /* APIKeys.swift in Sources */ = {isa = PBXBuildFile; fileRef = 7CCF313B23E8A9C40086B3BC /* APIKeys.swift */; };
		7CCF313E23E8AE050086B3BC /* AppleMapsViewController.swift in Sources */ = {isa = PBXBuildFile; fileRef = 7CCF313D23E8AE050086B3BC /* AppleMapsViewController.swift */; };
		7CCF314023E8B11D0086B3BC /* Place.swift in Sources */ = {isa = PBXBuildFile; fileRef = 7CCF313F23E8B11D0086B3BC /* Place.swift */; };
		7CCF314223E8B34A0086B3BC /* PlacesDataSource.swift in Sources */ = {isa = PBXBuildFile; fileRef = 7CCF314123E8B34A0086B3BC /* PlacesDataSource.swift */; };
		7CCF314423E8B43A0086B3BC /* PlaceAnnotation.swift in Sources */ = {isa = PBXBuildFile; fileRef = 7CCF314323E8B43A0086B3BC /* PlaceAnnotation.swift */; };
		7CD2F64F23E89C6A00CD903E /* AppDelegate.swift in Sources */ = {isa = PBXBuildFile; fileRef = 7CD2F64E23E89C6A00CD903E /* AppDelegate.swift */; };
		7CD2F65123E89C6A00CD903E /* SceneDelegate.swift in Sources */ = {isa = PBXBuildFile; fileRef = 7CD2F65023E89C6A00CD903E /* SceneDelegate.swift */; };
		7CD2F65623E89C6A00CD903E /* Main.storyboard in Resources */ = {isa = PBXBuildFile; fileRef = 7CD2F65423E89C6A00CD903E /* Main.storyboard */; };
		7CD2F65823E89C6D00CD903E /* Assets.xcassets in Resources */ = {isa = PBXBuildFile; fileRef = 7CD2F65723E89C6D00CD903E /* Assets.xcassets */; };
		7CD2F65B23E89C6D00CD903E /* LaunchScreen.storyboard in Resources */ = {isa = PBXBuildFile; fileRef = 7CD2F65923E89C6D00CD903E /* LaunchScreen.storyboard */; };
		7CD2F66423E89DAD00CD903E /* MapKit.framework in Frameworks */ = {isa = PBXBuildFile; fileRef = 7CD2F66323E89DAD00CD903E /* MapKit.framework */; };
		7CD2F66623E8A03F00CD903E /* PlacesViewController.swift in Sources */ = {isa = PBXBuildFile; fileRef = 7CD2F66523E8A03F00CD903E /* PlacesViewController.swift */; };
		E9BE75FE053B5EDA86293FD9 /* Pods_Skillbox_m10__Maps_.framework in Frameworks */ = {isa = PBXBuildFile; fileRef = E169341B34288E0023B0CCC0 /* Pods_Skillbox_m10__Maps_.framework */; };
/* End PBXBuildFile section */

/* Begin PBXFileReference section */
		7C0DBB4C23ED6D5900232ED9 /* YMKPoint+.swift */ = {isa = PBXFileReference; lastKnownFileType = sourcecode.swift; path = "YMKPoint+.swift"; sourceTree = "<group>"; };
		7C8976CE23E8BED9001D518E /* GoogleMapsViewController.swift */ = {isa = PBXFileReference; lastKnownFileType = sourcecode.swift; path = GoogleMapsViewController.swift; sourceTree = "<group>"; };
		7C8976D023E8BF1A001D518E /* YandexMapsViewController.swift */ = {isa = PBXFileReference; lastKnownFileType = sourcecode.swift; path = YandexMapsViewController.swift; sourceTree = "<group>"; };
		7C8976D423EC2BBE001D518E /* UIColor+.swift */ = {isa = PBXFileReference; lastKnownFileType = sourcecode.swift; path = "UIColor+.swift"; sourceTree = "<group>"; };
		7C8976D623EC3FDC001D518E /* CLLocationCoordinate2D+.swift */ = {isa = PBXFileReference; lastKnownFileType = sourcecode.swift; path = "CLLocationCoordinate2D+.swift"; sourceTree = "<group>"; };
		7CCF313B23E8A9C40086B3BC /* APIKeys.swift */ = {isa = PBXFileReference; lastKnownFileType = sourcecode.swift; name = APIKeys.swift; path = ../APIKeys.swift; sourceTree = "<group>"; };
		7CCF313D23E8AE050086B3BC /* AppleMapsViewController.swift */ = {isa = PBXFileReference; lastKnownFileType = sourcecode.swift; path = AppleMapsViewController.swift; sourceTree = "<group>"; };
		7CCF313F23E8B11D0086B3BC /* Place.swift */ = {isa = PBXFileReference; lastKnownFileType = sourcecode.swift; path = Place.swift; sourceTree = "<group>"; };
		7CCF314123E8B34A0086B3BC /* PlacesDataSource.swift */ = {isa = PBXFileReference; lastKnownFileType = sourcecode.swift; path = PlacesDataSource.swift; sourceTree = SOURCE_ROOT; };
		7CCF314323E8B43A0086B3BC /* PlaceAnnotation.swift */ = {isa = PBXFileReference; lastKnownFileType = sourcecode.swift; path = PlaceAnnotation.swift; sourceTree = "<group>"; };
		7CD2F64B23E89C6A00CD903E /* Skillbox_m10 (Maps).app */ = {isa = PBXFileReference; explicitFileType = wrapper.application; includeInIndex = 0; path = "Skillbox_m10 (Maps).app"; sourceTree = BUILT_PRODUCTS_DIR; };
		7CD2F64E23E89C6A00CD903E /* AppDelegate.swift */ = {isa = PBXFileReference; lastKnownFileType = sourcecode.swift; path = AppDelegate.swift; sourceTree = "<group>"; };
		7CD2F65023E89C6A00CD903E /* SceneDelegate.swift */ = {isa = PBXFileReference; lastKnownFileType = sourcecode.swift; path = SceneDelegate.swift; sourceTree = "<group>"; };
		7CD2F65523E89C6A00CD903E /* Base */ = {isa = PBXFileReference; lastKnownFileType = file.storyboard; name = Base; path = Base.lproj/Main.storyboard; sourceTree = "<group>"; };
		7CD2F65723E89C6D00CD903E /* Assets.xcassets */ = {isa = PBXFileReference; lastKnownFileType = folder.assetcatalog; path = Assets.xcassets; sourceTree = "<group>"; };
		7CD2F65A23E89C6D00CD903E /* Base */ = {isa = PBXFileReference; lastKnownFileType = file.storyboard; name = Base; path = Base.lproj/LaunchScreen.storyboard; sourceTree = "<group>"; };
		7CD2F65C23E89C6D00CD903E /* Info.plist */ = {isa = PBXFileReference; lastKnownFileType = text.plist.xml; path = Info.plist; sourceTree = "<group>"; };
		7CD2F66323E89DAD00CD903E /* MapKit.framework */ = {isa = PBXFileReference; lastKnownFileType = wrapper.framework; name = MapKit.framework; path = System/Library/Frameworks/MapKit.framework; sourceTree = SDKROOT; };
		7CD2F66523E8A03F00CD903E /* PlacesViewController.swift */ = {isa = PBXFileReference; lastKnownFileType = sourcecode.swift; path = PlacesViewController.swift; sourceTree = "<group>"; };
		C88E55A047D02A79A4EA2662 /* Pods-Skillbox_m10 (Maps).release.xcconfig */ = {isa = PBXFileReference; includeInIndex = 1; lastKnownFileType = text.xcconfig; name = "Pods-Skillbox_m10 (Maps).release.xcconfig"; path = "Target Support Files/Pods-Skillbox_m10 (Maps)/Pods-Skillbox_m10 (Maps).release.xcconfig"; sourceTree = "<group>"; };
		E169341B34288E0023B0CCC0 /* Pods_Skillbox_m10__Maps_.framework */ = {isa = PBXFileReference; explicitFileType = wrapper.framework; includeInIndex = 0; path = Pods_Skillbox_m10__Maps_.framework; sourceTree = BUILT_PRODUCTS_DIR; };
		FA5881030E9834F7A51281E9 /* Pods-Skillbox_m10 (Maps).debug.xcconfig */ = {isa = PBXFileReference; includeInIndex = 1; lastKnownFileType = text.xcconfig; name = "Pods-Skillbox_m10 (Maps).debug.xcconfig"; path = "Target Support Files/Pods-Skillbox_m10 (Maps)/Pods-Skillbox_m10 (Maps).debug.xcconfig"; sourceTree = "<group>"; };
/* End PBXFileReference section */

/* Begin PBXFrameworksBuildPhase section */
		7CD2F64823E89C6A00CD903E /* Frameworks */ = {
			isa = PBXFrameworksBuildPhase;
			buildActionMask = 2147483647;
			files = (
				7CD2F66423E89DAD00CD903E /* MapKit.framework in Frameworks */,
				E9BE75FE053B5EDA86293FD9 /* Pods_Skillbox_m10__Maps_.framework in Frameworks */,
			);
			runOnlyForDeploymentPostprocessing = 0;
		};
/* End PBXFrameworksBuildPhase section */

/* Begin PBXGroup section */
		40E33E06D6C534700D6E65AF /* Pods */ = {
			isa = PBXGroup;
			children = (
				FA5881030E9834F7A51281E9 /* Pods-Skillbox_m10 (Maps).debug.xcconfig */,
				C88E55A047D02A79A4EA2662 /* Pods-Skillbox_m10 (Maps).release.xcconfig */,
			);
			path = Pods;
			sourceTree = "<group>";
		};
		7C3240E923EDC033002B7DA9 /* View controllers */ = {
			isa = PBXGroup;
			children = (
				7CD2F66523E8A03F00CD903E /* PlacesViewController.swift */,
				7CCF313D23E8AE050086B3BC /* AppleMapsViewController.swift */,
				7C8976CE23E8BED9001D518E /* GoogleMapsViewController.swift */,
				7C8976D023E8BF1A001D518E /* YandexMapsViewController.swift */,
			);
			path = "View controllers";
			sourceTree = "<group>";
		};
		7C3240EA23EDC054002B7DA9 /* Extensions */ = {
			isa = PBXGroup;
			children = (
				7C0DBB4C23ED6D5900232ED9 /* YMKPoint+.swift */,
				7C8976D623EC3FDC001D518E /* CLLocationCoordinate2D+.swift */,
				7C8976D423EC2BBE001D518E /* UIColor+.swift */,
			);
			path = Extensions;
			sourceTree = "<group>";
		};
		7C3240EB23EDC08E002B7DA9 /* Model */ = {
			isa = PBXGroup;
			children = (
				7CCF313F23E8B11D0086B3BC /* Place.swift */,
			);
			path = Model;
			sourceTree = "<group>";
		};
		7CD2F64223E89C6A00CD903E = {
			isa = PBXGroup;
			children = (
				7CD2F64D23E89C6A00CD903E /* Skillbox_m10 (Maps) */,
				7CD2F64C23E89C6A00CD903E /* Products */,
				7CD2F66223E89DAD00CD903E /* Frameworks */,
				40E33E06D6C534700D6E65AF /* Pods */,
			);
			sourceTree = "<group>";
		};
		7CD2F64C23E89C6A00CD903E /* Products */ = {
			isa = PBXGroup;
			children = (
				7CD2F64B23E89C6A00CD903E /* Skillbox_m10 (Maps).app */,
			);
			name = Products;
			sourceTree = "<group>";
		};
		7CD2F64D23E89C6A00CD903E /* Skillbox_m10 (Maps) */ = {
			isa = PBXGroup;
			children = (
				7CD2F65423E89C6A00CD903E /* Main.storyboard */,
				7C3240E923EDC033002B7DA9 /* View controllers */,
				7C3240EA23EDC054002B7DA9 /* Extensions */,
				7CCF314323E8B43A0086B3BC /* PlaceAnnotation.swift */,
				7CCF314123E8B34A0086B3BC /* PlacesDataSource.swift */,
				7C3240EB23EDC08E002B7DA9 /* Model */,
				7CD2F66723E8A05C00CD903E /* Supporting files */,
				7CD2F65C23E89C6D00CD903E /* Info.plist */,
			);
			path = "Skillbox_m10 (Maps)";
			sourceTree = "<group>";
		};
		7CD2F66223E89DAD00CD903E /* Frameworks */ = {
			isa = PBXGroup;
			children = (
				7CD2F66323E89DAD00CD903E /* MapKit.framework */,
				E169341B34288E0023B0CCC0 /* Pods_Skillbox_m10__Maps_.framework */,
			);
			name = Frameworks;
			sourceTree = "<group>";
		};
		7CD2F66723E8A05C00CD903E /* Supporting files */ = {
			isa = PBXGroup;
			children = (
				7CCF313B23E8A9C40086B3BC /* APIKeys.swift */,
				7CD2F64E23E89C6A00CD903E /* AppDelegate.swift */,
				7CD2F65023E89C6A00CD903E /* SceneDelegate.swift */,
				7CD2F65723E89C6D00CD903E /* Assets.xcassets */,
				7CD2F65923E89C6D00CD903E /* LaunchScreen.storyboard */,
			);
			path = "Supporting files";
			sourceTree = "<group>";
		};
/* End PBXGroup section */

/* Begin PBXNativeTarget section */
		7CD2F64A23E89C6A00CD903E /* Skillbox_m10 (Maps) */ = {
			isa = PBXNativeTarget;
			buildConfigurationList = 7CD2F65F23E89C6D00CD903E /* Build configuration list for PBXNativeTarget "Skillbox_m10 (Maps)" */;
			buildPhases = (
				1CF12B375C7F19B55A1242C1 /* [CP] Check Pods Manifest.lock */,
				7CD2F64723E89C6A00CD903E /* Sources */,
				7CD2F64823E89C6A00CD903E /* Frameworks */,
				7CD2F64923E89C6A00CD903E /* Resources */,
				B5BE5D08896A00A2911097F4 /* [CP] Copy Pods Resources */,
			);
			buildRules = (
			);
			dependencies = (
			);
			name = "Skillbox_m10 (Maps)";
			productName = "Skillbox_m10 (Maps)";
			productReference = 7CD2F64B23E89C6A00CD903E /* Skillbox_m10 (Maps).app */;
			productType = "com.apple.product-type.application";
		};
/* End PBXNativeTarget section */

/* Begin PBXProject section */
		7CD2F64323E89C6A00CD903E /* Project object */ = {
			isa = PBXProject;
			attributes = {
				LastSwiftUpdateCheck = 1130;
				LastUpgradeCheck = 1130;
				ORGANIZATIONNAME = "Kravchuk Sergey";
				TargetAttributes = {
					7CD2F64A23E89C6A00CD903E = {
						CreatedOnToolsVersion = 11.3.1;
					};
				};
			};
			buildConfigurationList = 7CD2F64623E89C6A00CD903E /* Build configuration list for PBXProject "Skillbox_m10 (Maps)" */;
			compatibilityVersion = "Xcode 9.3";
			developmentRegion = en;
			hasScannedForEncodings = 0;
			knownRegions = (
				en,
				Base,
			);
			mainGroup = 7CD2F64223E89C6A00CD903E;
			productRefGroup = 7CD2F64C23E89C6A00CD903E /* Products */;
			projectDirPath = "";
			projectRoot = "";
			targets = (
				7CD2F64A23E89C6A00CD903E /* Skillbox_m10 (Maps) */,
			);
		};
/* End PBXProject section */

/* Begin PBXResourcesBuildPhase section */
		7CD2F64923E89C6A00CD903E /* Resources */ = {
			isa = PBXResourcesBuildPhase;
			buildActionMask = 2147483647;
			files = (
				7CD2F65B23E89C6D00CD903E /* LaunchScreen.storyboard in Resources */,
				7CD2F65823E89C6D00CD903E /* Assets.xcassets in Resources */,
				7CD2F65623E89C6A00CD903E /* Main.storyboard in Resources */,
			);
			runOnlyForDeploymentPostprocessing = 0;
		};
/* End PBXResourcesBuildPhase section */

/* Begin PBXShellScriptBuildPhase section */
		1CF12B375C7F19B55A1242C1 /* [CP] Check Pods Manifest.lock */ = {
			isa = PBXShellScriptBuildPhase;
			buildActionMask = 2147483647;
			files = (
			);
			inputFileListPaths = (
			);
			inputPaths = (
				"${PODS_PODFILE_DIR_PATH}/Podfile.lock",
				"${PODS_ROOT}/Manifest.lock",
			);
			name = "[CP] Check Pods Manifest.lock";
			outputFileListPaths = (
			);
			outputPaths = (
				"$(DERIVED_FILE_DIR)/Pods-Skillbox_m10 (Maps)-checkManifestLockResult.txt",
			);
			runOnlyForDeploymentPostprocessing = 0;
			shellPath = /bin/sh;
			shellScript = "diff \"${PODS_PODFILE_DIR_PATH}/Podfile.lock\" \"${PODS_ROOT}/Manifest.lock\" > /dev/null\nif [ $? != 0 ] ; then\n    # print error to STDERR\n    echo \"error: The sandbox is not in sync with the Podfile.lock. Run 'pod install' or update your CocoaPods installation.\" >&2\n    exit 1\nfi\n# This output is used by Xcode 'outputs' to avoid re-running this script phase.\necho \"SUCCESS\" > \"${SCRIPT_OUTPUT_FILE_0}\"\n";
			showEnvVarsInLog = 0;
		};
		B5BE5D08896A00A2911097F4 /* [CP] Copy Pods Resources */ = {
			isa = PBXShellScriptBuildPhase;
			buildActionMask = 2147483647;
			files = (
			);
			inputFileListPaths = (
				"${PODS_ROOT}/Target Support Files/Pods-Skillbox_m10 (Maps)/Pods-Skillbox_m10 (Maps)-resources-${CONFIGURATION}-input-files.xcfilelist",
			);
			name = "[CP] Copy Pods Resources";
			outputFileListPaths = (
				"${PODS_ROOT}/Target Support Files/Pods-Skillbox_m10 (Maps)/Pods-Skillbox_m10 (Maps)-resources-${CONFIGURATION}-output-files.xcfilelist",
			);
			runOnlyForDeploymentPostprocessing = 0;
			shellPath = /bin/sh;
			shellScript = "\"${PODS_ROOT}/Target Support Files/Pods-Skillbox_m10 (Maps)/Pods-Skillbox_m10 (Maps)-resources.sh\"\n";
			showEnvVarsInLog = 0;
		};
/* End PBXShellScriptBuildPhase section */

/* Begin PBXSourcesBuildPhase section */
		7CD2F64723E89C6A00CD903E /* Sources */ = {
			isa = PBXSourcesBuildPhase;
			buildActionMask = 2147483647;
			files = (
				7CCF314423E8B43A0086B3BC /* PlaceAnnotation.swift in Sources */,
				7CD2F66623E8A03F00CD903E /* PlacesViewController.swift in Sources */,
				7C8976D123E8BF1A001D518E /* YandexMapsViewController.swift in Sources */,
				7CD2F64F23E89C6A00CD903E /* AppDelegate.swift in Sources */,
				7C8976D523EC2BBE001D518E /* UIColor+.swift in Sources */,
				7C0DBB4D23ED6D5900232ED9 /* YMKPoint+.swift in Sources */,
				7CCF314223E8B34A0086B3BC /* PlacesDataSource.swift in Sources */,
				7CCF313C23E8A9C40086B3BC /* APIKeys.swift in Sources */,
				7CCF314023E8B11D0086B3BC /* Place.swift in Sources */,
				7CCF313E23E8AE050086B3BC /* AppleMapsViewController.swift in Sources */,
				7C8976D723EC3FDC001D518E /* CLLocationCoordinate2D+.swift in Sources */,
				7CD2F65123E89C6A00CD903E /* SceneDelegate.swift in Sources */,
				7C8976CF23E8BED9001D518E /* GoogleMapsViewController.swift in Sources */,
			);
			runOnlyForDeploymentPostprocessing = 0;
		};
/* End PBXSourcesBuildPhase section */

/* Begin PBXVariantGroup section */
		7CD2F65423E89C6A00CD903E /* Main.storyboard */ = {
			isa = PBXVariantGroup;
			children = (
				7CD2F65523E89C6A00CD903E /* Base */,
			);
			name = Main.storyboard;
			sourceTree = "<group>";
		};
		7CD2F65923E89C6D00CD903E /* LaunchScreen.storyboard */ = {
			isa = PBXVariantGroup;
			children = (
				7CD2F65A23E89C6D00CD903E /* Base */,
			);
			name = LaunchScreen.storyboard;
			sourceTree = "<group>";
		};
/* End PBXVariantGroup section */

/* Begin XCBuildConfiguration section */
		7CD2F65D23E89C6D00CD903E /* Debug */ = {
			isa = XCBuildConfiguration;
			buildSettings = {
				ALWAYS_SEARCH_USER_PATHS = NO;
				CLANG_ANALYZER_NONNULL = YES;
				CLANG_ANALYZER_NUMBER_OBJECT_CONVERSION = YES_AGGRESSIVE;
				CLANG_CXX_LANGUAGE_STANDARD = "gnu++14";
				CLANG_CXX_LIBRARY = "libc++";
				CLANG_ENABLE_MODULES = YES;
				CLANG_ENABLE_OBJC_ARC = YES;
				CLANG_ENABLE_OBJC_WEAK = YES;
				CLANG_WARN_BLOCK_CAPTURE_AUTORELEASING = YES;
				CLANG_WARN_BOOL_CONVERSION = YES;
				CLANG_WARN_COMMA = YES;
				CLANG_WARN_CONSTANT_CONVERSION = YES;
				CLANG_WARN_DEPRECATED_OBJC_IMPLEMENTATIONS = YES;
				CLANG_WARN_DIRECT_OBJC_ISA_USAGE = YES_ERROR;
				CLANG_WARN_DOCUMENTATION_COMMENTS = YES;
				CLANG_WARN_EMPTY_BODY = YES;
				CLANG_WARN_ENUM_CONVERSION = YES;
				CLANG_WARN_INFINITE_RECURSION = YES;
				CLANG_WARN_INT_CONVERSION = YES;
				CLANG_WARN_NON_LITERAL_NULL_CONVERSION = YES;
				CLANG_WARN_OBJC_IMPLICIT_RETAIN_SELF = YES;
				CLANG_WARN_OBJC_LITERAL_CONVERSION = YES;
				CLANG_WARN_OBJC_ROOT_CLASS = YES_ERROR;
				CLANG_WARN_RANGE_LOOP_ANALYSIS = YES;
				CLANG_WARN_STRICT_PROTOTYPES = YES;
				CLANG_WARN_SUSPICIOUS_MOVE = YES;
				CLANG_WARN_UNGUARDED_AVAILABILITY = YES_AGGRESSIVE;
				CLANG_WARN_UNREACHABLE_CODE = YES;
				CLANG_WARN__DUPLICATE_METHOD_MATCH = YES;
				COPY_PHASE_STRIP = NO;
				DEBUG_INFORMATION_FORMAT = dwarf;
				ENABLE_STRICT_OBJC_MSGSEND = YES;
				ENABLE_TESTABILITY = YES;
				GCC_C_LANGUAGE_STANDARD = gnu11;
				GCC_DYNAMIC_NO_PIC = NO;
				GCC_NO_COMMON_BLOCKS = YES;
				GCC_OPTIMIZATION_LEVEL = 0;
				GCC_PREPROCESSOR_DEFINITIONS = (
					"DEBUG=1",
					"$(inherited)",
				);
				GCC_WARN_64_TO_32_BIT_CONVERSION = YES;
				GCC_WARN_ABOUT_RETURN_TYPE = YES_ERROR;
				GCC_WARN_UNDECLARED_SELECTOR = YES;
				GCC_WARN_UNINITIALIZED_AUTOS = YES_AGGRESSIVE;
				GCC_WARN_UNUSED_FUNCTION = YES;
				GCC_WARN_UNUSED_VARIABLE = YES;
				IPHONEOS_DEPLOYMENT_TARGET = 13.2;
				MTL_ENABLE_DEBUG_INFO = INCLUDE_SOURCE;
				MTL_FAST_MATH = YES;
				ONLY_ACTIVE_ARCH = YES;
				SDKROOT = iphoneos;
				SWIFT_ACTIVE_COMPILATION_CONDITIONS = DEBUG;
				SWIFT_OPTIMIZATION_LEVEL = "-Onone";
			};
			name = Debug;
		};
		7CD2F65E23E89C6D00CD903E /* Release */ = {
			isa = XCBuildConfiguration;
			buildSettings = {
				ALWAYS_SEARCH_USER_PATHS = NO;
				CLANG_ANALYZER_NONNULL = YES;
				CLANG_ANALYZER_NUMBER_OBJECT_CONVERSION = YES_AGGRESSIVE;
				CLANG_CXX_LANGUAGE_STANDARD = "gnu++14";
				CLANG_CXX_LIBRARY = "libc++";
				CLANG_ENABLE_MODULES = YES;
				CLANG_ENABLE_OBJC_ARC = YES;
				CLANG_ENABLE_OBJC_WEAK = YES;
				CLANG_WARN_BLOCK_CAPTURE_AUTORELEASING = YES;
				CLANG_WARN_BOOL_CONVERSION = YES;
				CLANG_WARN_COMMA = YES;
				CLANG_WARN_CONSTANT_CONVERSION = YES;
				CLANG_WARN_DEPRECATED_OBJC_IMPLEMENTATIONS = YES;
				CLANG_WARN_DIRECT_OBJC_ISA_USAGE = YES_ERROR;
				CLANG_WARN_DOCUMENTATION_COMMENTS = YES;
				CLANG_WARN_EMPTY_BODY = YES;
				CLANG_WARN_ENUM_CONVERSION = YES;
				CLANG_WARN_INFINITE_RECURSION = YES;
				CLANG_WARN_INT_CONVERSION = YES;
				CLANG_WARN_NON_LITERAL_NULL_CONVERSION = YES;
				CLANG_WARN_OBJC_IMPLICIT_RETAIN_SELF = YES;
				CLANG_WARN_OBJC_LITERAL_CONVERSION = YES;
				CLANG_WARN_OBJC_ROOT_CLASS = YES_ERROR;
				CLANG_WARN_RANGE_LOOP_ANALYSIS = YES;
				CLANG_WARN_STRICT_PROTOTYPES = YES;
				CLANG_WARN_SUSPICIOUS_MOVE = YES;
				CLANG_WARN_UNGUARDED_AVAILABILITY = YES_AGGRESSIVE;
				CLANG_WARN_UNREACHABLE_CODE = YES;
				CLANG_WARN__DUPLICATE_METHOD_MATCH = YES;
				COPY_PHASE_STRIP = NO;
				DEBUG_INFORMATION_FORMAT = "dwarf-with-dsym";
				ENABLE_NS_ASSERTIONS = NO;
				ENABLE_STRICT_OBJC_MSGSEND = YES;
				GCC_C_LANGUAGE_STANDARD = gnu11;
				GCC_NO_COMMON_BLOCKS = YES;
				GCC_WARN_64_TO_32_BIT_CONVERSION = YES;
				GCC_WARN_ABOUT_RETURN_TYPE = YES_ERROR;
				GCC_WARN_UNDECLARED_SELECTOR = YES;
				GCC_WARN_UNINITIALIZED_AUTOS = YES_AGGRESSIVE;
				GCC_WARN_UNUSED_FUNCTION = YES;
				GCC_WARN_UNUSED_VARIABLE = YES;
				IPHONEOS_DEPLOYMENT_TARGET = 13.2;
				MTL_ENABLE_DEBUG_INFO = NO;
				MTL_FAST_MATH = YES;
				SDKROOT = iphoneos;
				SWIFT_COMPILATION_MODE = wholemodule;
				SWIFT_OPTIMIZATION_LEVEL = "-O";
				VALIDATE_PRODUCT = YES;
			};
			name = Release;
		};
		7CD2F66023E89C6D00CD903E /* Debug */ = {
			isa = XCBuildConfiguration;
			baseConfigurationReference = FA5881030E9834F7A51281E9 /* Pods-Skillbox_m10 (Maps).debug.xcconfig */;
			buildSettings = {
				ASSETCATALOG_COMPILER_APPICON_NAME = AppIcon;
				CODE_SIGN_STYLE = Automatic;
				DEVELOPMENT_TEAM = KFX6CF86ZK;
				INFOPLIST_FILE = "Skillbox_m10 (Maps)/Info.plist";
				LD_RUNPATH_SEARCH_PATHS = (
					"$(inherited)",
					"@executable_path/Frameworks",
				);
				PRODUCT_BUNDLE_IDENTIFIER = "kravchuk.Skillbox-m10--Maps-";
				PRODUCT_NAME = "$(TARGET_NAME)";
				SWIFT_VERSION = 5.0;
				TARGETED_DEVICE_FAMILY = "1,2";
			};
			name = Debug;
		};
		7CD2F66123E89C6D00CD903E /* Release */ = {
			isa = XCBuildConfiguration;
			baseConfigurationReference = C88E55A047D02A79A4EA2662 /* Pods-Skillbox_m10 (Maps).release.xcconfig */;
			buildSettings = {
				ASSETCATALOG_COMPILER_APPICON_NAME = AppIcon;
				CODE_SIGN_STYLE = Automatic;
				DEVELOPMENT_TEAM = KFX6CF86ZK;
				INFOPLIST_FILE = "Skillbox_m10 (Maps)/Info.plist";
				LD_RUNPATH_SEARCH_PATHS = (
					"$(inherited)",
					"@executable_path/Frameworks",
				);
				PRODUCT_BUNDLE_IDENTIFIER = "kravchuk.Skillbox-m10--Maps-";
				PRODUCT_NAME = "$(TARGET_NAME)";
				SWIFT_VERSION = 5.0;
				TARGETED_DEVICE_FAMILY = "1,2";
			};
			name = Release;
		};
/* End XCBuildConfiguration section */

/* Begin XCConfigurationList section */
		7CD2F64623E89C6A00CD903E /* Build configuration list for PBXProject "Skillbox_m10 (Maps)" */ = {
			isa = XCConfigurationList;
			buildConfigurations = (
				7CD2F65D23E89C6D00CD903E /* Debug */,
				7CD2F65E23E89C6D00CD903E /* Release */,
			);
			defaultConfigurationIsVisible = 0;
			defaultConfigurationName = Release;
		};
		7CD2F65F23E89C6D00CD903E /* Build configuration list for PBXNativeTarget "Skillbox_m10 (Maps)" */ = {
			isa = XCConfigurationList;
			buildConfigurations = (
				7CD2F66023E89C6D00CD903E /* Debug */,
				7CD2F66123E89C6D00CD903E /* Release */,
			);
			defaultConfigurationIsVisible = 0;
			defaultConfigurationName = Release;
		};
/* End XCConfigurationList section */
	};
	rootObject = 7CD2F64323E89C6A00CD903E /* Project object */;
}
